
Microsoft Visual Studio Solution File, Format Version 12.00
# Visual Studio Version 17
VisualStudioVersion = 17.9.34607.119
MinimumVisualStudioVersion = 10.0.40219.1
Project("{FAE04EC0-301F-11D3-BF4B-00C04F79EFBC}") = "Q2_Insurance", "Q2_Insurance\Q2_Insurance.csproj", "{17AA0BE3-27BA-4C47-BB9F-C2900C17EFC1}"
EndProject
Project("{9A19103F-16F7-4668-BE54-9A1E7A4F7556}") = "MLModel1_ConsoleApp1", "MLModel1_ConsoleApp1\MLModel1_ConsoleApp1.csproj", "{F04602E5-4CEA-4A9E-A30E-CB4436309E56}"
EndProject
Global
	GlobalSection(SolutionConfigurationPlatforms) = preSolution
		Debug|Any CPU = Debug|Any CPU
		Release|Any CPU = Release|Any CPU
	EndGlobalSection
	GlobalSection(ProjectConfigurationPlatforms) = postSolution
		{17AA0BE3-27BA-4C47-BB9F-C2900C17EFC1}.Debug|Any CPU.ActiveCfg = Debug|Any CPU
		{17AA0BE3-27BA-4C47-BB9F-C2900C17EFC1}.Debug|Any CPU.Build.0 = Debug|Any CPU
		{17AA0BE3-27BA-4C47-BB9F-C2900C17EFC1}.Release|Any CPU.ActiveCfg = Release|Any CPU
		{17AA0BE3-27BA-4C47-BB9F-C2900C17EFC1}.Release|Any CPU.Build.0 = Release|Any CPU
		{F04602E5-4CEA-4A9E-A30E-CB4436309E56}.Debug|Any CPU.ActiveCfg = Debug|Any CPU
		{F04602E5-4CEA-4A9E-A30E-CB4436309E56}.Debug|Any CPU.Build.0 = Debug|Any CPU
		{F04602E5-4CEA-4A9E-A30E-CB4436309E56}.Release|Any CPU.ActiveCfg = Release|Any CPU
		{F04602E5-4CEA-4A9E-A30E-CB4436309E56}.Release|Any CPU.Build.0 = Release|Any CPU
	EndGlobalSection
	GlobalSection(SolutionProperties) = preSolution
		HideSolutionNode = FALSE
	EndGlobalSection
	GlobalSection(ExtensibilityGlobals) = postSolution
		SolutionGuid = {ADE248B6-64DB-4905-B217-CE4735711768}
	EndGlobalSection
EndGlobal
